
Microsoft Visual Studio Solution File, Format Version 12.00
# Visual Studio Version 17
VisualStudioVersion = 17.3.32819.101
MinimumVisualStudioVersion = 10.0.40219.1
Project("{FAE04EC0-301F-11D3-BF4B-00C04F79EFBC}") = "QLVLXD", "QLVLXD\QLVLXD.csproj", "{3454639F-DC54-4FF8-9EFA-7CDFDF897559}"
EndProject
Global
	GlobalSection(SolutionConfigurationPlatforms) = preSolution
		Debug|Any CPU = Debug|Any CPU
		Release|Any CPU = Release|Any CPU
	EndGlobalSection
	GlobalSection(ProjectConfigurationPlatforms) = postSolution
		{3454639F-DC54-4FF8-9EFA-7CDFDF897559}.Debug|Any CPU.ActiveCfg = Debug|Any CPU
		{3454639F-DC54-4FF8-9EFA-7CDFDF897559}.Debug|Any CPU.Build.0 = Debug|Any CPU
		{3454639F-DC54-4FF8-9EFA-7CDFDF897559}.Release|Any CPU.ActiveCfg = Release|Any CPU
		{3454639F-DC54-4FF8-9EFA-7CDFDF897559}.Release|Any CPU.Build.0 = Release|Any CPU
	EndGlobalSection
	GlobalSection(SolutionProperties) = preSolution
		HideSolutionNode = FALSE
	EndGlobalSection
	GlobalSection(ExtensibilityGlobals) = postSolution
		SolutionGuid = {DEB396C8-2D0F-4FE2-9C5D-EB922214953E}
	EndGlobalSection
EndGlobal
